lockfileVersion: '6.0'

settings:
  autoInstallPeers: true
  excludeLinksFromLockfile: false

dependencies:
  '@radix-ui/react-accordion':
    specifier: ^1.1.2
    version: 1.1.2(react-dom@18.2.0)(react@18.2.0)
  '@radix-ui/react-dialog':
    specifier: ^1.0.5
    version: 1.0.5(react-dom@18.2.0)(react@18.2.0)
  '@radix-ui/react-icons':
    specifier: ^1.3.0
    version: 1.3.0(react@18.2.0)
  '@radix-ui/react-popover':
    specifier: ^1.0.7
    version: 1.0.7(react-dom@18.2.0)(react@18.2.0)
  '@radix-ui/react-select':
    specifier: ^2.0.0
    version: 2.0.0(react-dom@18.2.0)(react@18.2.0)
  '@radix-ui/react-separator':
    specifier: ^1.0.3
    version: 1.0.3(react-dom@18.2.0)(react@18.2.0)
  '@radix-ui/react-tooltip':
    specifier: ^1.0.7
    version: 1.0.7(react-dom@18.2.0)(react@18.2.0)
  '@tanstack/match-sorter-utils':
    specifier: ^8.11.8
    version: 8.11.8
  cmdk:
    specifier: ^0.2.1
    version: 0.2.1(react-dom@18.2.0)(react@18.2.0)
  react-icons:
    specifier: ^5.0.1
    version: 5.0.1(react@18.2.0)
  react-router:
    specifier: ^6.22.1
    version: 6.22.1(react@18.2.0)
  react-router-dom:
    specifier: ^6.22.1
    version: 6.22.1(react-dom@18.2.0)(react@18.2.0)
  zod:
    specifier: ^3.22.4
    version: 3.22.4

packages:

  /@babel/runtime@7.24.0:
    resolution: {integrity: sha512-Chk32uHMg6TnQdvw2e9IlqPpFX/6NLuK0Ys2PqLb7/gL5uFn9mXvK715FGLlOLQrcO4qIkNHkvPGktzzXexsFw==}
    engines: {node: '>=6.9.0'}
    dependencies:
      regenerator-runtime: 0.14.1
    dev: false

  /@floating-ui/core@1.6.0:
    resolution: {integrity: sha512-PcF++MykgmTj3CIyOQbKA/hDzOAiqI3mhuoN44WRCopIs1sgoDoU4oty4Jtqaj/y3oDU6fnVSm4QG0a3t5i0+g==}
    dependencies:
      '@floating-ui/utils': 0.2.1
    dev: false

  /@floating-ui/dom@1.6.3:
    resolution: {integrity: sha512-RnDthu3mzPlQ31Ss/BTwQ1zjzIhr3lk1gZB1OC56h/1vEtaXkESrOqL5fQVMfXpwGtRwX+YsZBdyHtJMQnkArw==}
    dependencies:
      '@floating-ui/core': 1.6.0
      '@floating-ui/utils': 0.2.1
    dev: false

  /@floating-ui/react-dom@2.0.8(react-dom@18.2.0)(react@18.2.0):
    resolution: {integrity: sha512-HOdqOt3R3OGeTKidaLvJKcgg75S6tibQ3Tif4eyd91QnIJWr0NLvoXFpJA/j8HqkFSL68GDca9AuyWEHlhyClw==}
    peerDependencies:
      react: '>=16.8.0'
      react-dom: '>=16.8.0'
    dependencies:
      '@floating-ui/dom': 1.6.3
      react: 18.2.0
      react-dom: 18.2.0(react@18.2.0)
    dev: false

  /@floating-ui/utils@0.2.1:
    resolution: {integrity: sha512-9TANp6GPoMtYzQdt54kfAyMmz1+osLlXdg2ENroU7zzrtflTLrrC/lgrIfaSe+Wu0b89GKccT7vxXA0MoAIO+Q==}
    dev: false

  /@radix-ui/number@1.0.1:
    resolution: {integrity: sha512-T5gIdVO2mmPW3NNhjNgEP3cqMXjXL9UbO0BzWcXfvdBs+BohbQxvd/K5hSVKmn9/lbTdsQVKbUcP5WLCwvUbBg==}
    dependencies:
      '@babel/runtime': 7.24.0
    dev: false

  /@radix-ui/primitive@1.0.0:
    resolution: {integrity: sha512-3e7rn8FDMin4CgeL7Z/49smCA3rFYY3Ha2rUQ7HRWFadS5iCRw08ZgVT1LaNTCNqgvrUiyczLflrVrF0SRQtNA==}
    dependencies:
      '@babel/runtime': 7.24.0
    dev: false

  /@radix-ui/primitive@1.0.1:
    resolution: {integrity: sha512-yQ8oGX2GVsEYMWGxcovu1uGWPCxV5BFfeeYxqPmuAzUyLT9qmaMXSAhXpb0WrspIeqYzdJpkh2vHModJPgRIaw==}
    dependencies:
      '@babel/runtime': 7.24.0
    dev: false

  /@radix-ui/react-accordion@1.1.2(react-dom@18.2.0)(react@18.2.0):
    resolution: {integrity: sha512-fDG7jcoNKVjSK6yfmuAs0EnPDro0WMXIhMtXdTBWqEioVW206ku+4Lw07e+13lUkFkpoEQ2PdeMIAGpdqEAmDg==}
    peerDependencies:
      '@types/react': '*'
      '@types/react-dom': '*'
      react: ^16.8 || ^17.0 || ^18.0
      react-dom: ^16.8 || ^17.0 || ^18.0
    peerDependenciesMeta:
      '@types/react':
        optional: true
      '@types/react-dom':
        optional: true
    dependencies:
      '@babel/runtime': 7.24.0
      '@radix-ui/primitive': 1.0.1
      '@radix-ui/react-collapsible': 1.0.3(react-dom@18.2.0)(react@18.2.0)
      '@radix-ui/react-collection': 1.0.3(react-dom@18.2.0)(react@18.2.0)
      '@radix-ui/react-compose-refs': 1.0.1(react@18.2.0)
      '@radix-ui/react-context': 1.0.1(react@18.2.0)
      '@radix-ui/react-direction': 1.0.1(react@18.2.0)
      '@radix-ui/react-id': 1.0.1(react@18.2.0)
      '@radix-ui/react-primitive': 1.0.3(react-dom@18.2.0)(react@18.2.0)
      '@radix-ui/react-use-controllable-state': 1.0.1(react@18.2.0)
      react: 18.2.0
      react-dom: 18.2.0(react@18.2.0)
    dev: false

  /@radix-ui/react-arrow@1.0.3(react-dom@18.2.0)(react@18.2.0):
    resolution: {integrity: sha512-wSP+pHsB/jQRaL6voubsQ/ZlrGBHHrOjmBnr19hxYgtS0WvAFwZhK2WP/YY5yF9uKECCEEDGxuLxq1NBK51wFA==}
    peerDependencies:
      '@types/react': '*'
      '@types/react-dom': '*'
      react: ^16.8 || ^17.0 || ^18.0
      react-dom: ^16.8 || ^17.0 || ^18.0
    peerDependenciesMeta:
      '@types/react':
        optional: true
      '@types/react-dom':
        optional: true
    dependencies:
      '@babel/runtime': 7.24.0
      '@radix-ui/react-primitive': 1.0.3(react-dom@18.2.0)(react@18.2.0)
      react: 18.2.0
      react-dom: 18.2.0(react@18.2.0)
    dev: false

  /@radix-ui/react-collapsible@1.0.3(react-dom@18.2.0)(react@18.2.0):
    resolution: {integrity: sha512-UBmVDkmR6IvDsloHVN+3rtx4Mi5TFvylYXpluuv0f37dtaz3H99bp8No0LGXRigVpl3UAT4l9j6bIchh42S/Gg==}
    peerDependencies:
      '@types/react': '*'
      '@types/react-dom': '*'
      react: ^16.8 || ^17.0 || ^18.0
      react-dom: ^16.8 || ^17.0 || ^18.0
    peerDependenciesMeta:
      '@types/react':
        optional: true
      '@types/react-dom':
        optional: true
    dependencies:
      '@babel/runtime': 7.24.0
      '@radix-ui/primitive': 1.0.1
      '@radix-ui/react-compose-refs': 1.0.1(react@18.2.0)
      '@radix-ui/react-context': 1.0.1(react@18.2.0)
      '@radix-ui/react-id': 1.0.1(react@18.2.0)
      '@radix-ui/react-presence': 1.0.1(react-dom@18.2.0)(react@18.2.0)
      '@radix-ui/react-primitive': 1.0.3(react-dom@18.2.0)(react@18.2.0)
      '@radix-ui/react-use-controllable-state': 1.0.1(react@18.2.0)
      '@radix-ui/react-use-layout-effect': 1.0.1(react@18.2.0)
      react: 18.2.0
      react-dom: 18.2.0(react@18.2.0)
    dev: false

  /@radix-ui/react-collection@1.0.3(react-dom@18.2.0)(react@18.2.0):
    resolution: {integrity: sha512-3SzW+0PW7yBBoQlT8wNcGtaxaD0XSu0uLUFgrtHY08Acx05TaHaOmVLR73c0j/cqpDy53KBMO7s0dx2wmOIDIA==}
    peerDependencies:
      '@types/react': '*'
      '@types/react-dom': '*'
      react: ^16.8 || ^17.0 || ^18.0
      react-dom: ^16.8 || ^17.0 || ^18.0
    peerDependenciesMeta:
      '@types/react':
        optional: true
      '@types/react-dom':
        optional: true
    dependencies:
      '@babel/runtime': 7.24.0
      '@radix-ui/react-compose-refs': 1.0.1(react@18.2.0)
      '@radix-ui/react-context': 1.0.1(react@18.2.0)
      '@radix-ui/react-primitive': 1.0.3(react-dom@18.2.0)(react@18.2.0)
      '@radix-ui/react-slot': 1.0.2(react@18.2.0)
      react: 18.2.0
      react-dom: 18.2.0(react@18.2.0)
    dev: false

  /@radix-ui/react-compose-refs@1.0.0(react@18.2.0):
    resolution: {integrity: sha512-0KaSv6sx787/hK3eF53iOkiSLwAGlFMx5lotrqD2pTjB18KbybKoEIgkNZTKC60YECDQTKGTRcDBILwZVqVKvA==}
    peerDependencies:
      react: ^16.8 || ^17.0 || ^18.0
    dependencies:
      '@babel/runtime': 7.24.0
      react: 18.2.0
    dev: false

  /@radix-ui/react-compose-refs@1.0.1(react@18.2.0):
    resolution: {integrity: sha512-fDSBgd44FKHa1FRMU59qBMPFcl2PZE+2nmqunj+BWFyYYjnhIDWL2ItDs3rrbJDQOtzt5nIebLCQc4QRfz6LJw==}
    peerDependencies:
      '@types/react': '*'
      react: ^16.8 || ^17.0 || ^18.0
    peerDependenciesMeta:
      '@types/react':
        optional: true
    dependencies:
      '@babel/runtime': 7.24.0
      react: 18.2.0
    dev: false

  /@radix-ui/react-context@1.0.0(react@18.2.0):
    resolution: {integrity: sha512-1pVM9RfOQ+n/N5PJK33kRSKsr1glNxomxONs5c49MliinBY6Yw2Q995qfBUUo0/Mbg05B/sGA0gkgPI7kmSHBg==}
    peerDependencies:
      react: ^16.8 || ^17.0 || ^18.0
    dependencies:
      '@babel/runtime': 7.24.0
      react: 18.2.0
    dev: false

  /@radix-ui/react-context@1.0.1(react@18.2.0):
    resolution: {integrity: sha512-ebbrdFoYTcuZ0v4wG5tedGnp9tzcV8awzsxYph7gXUyvnNLuTIcCk1q17JEbnVhXAKG9oX3KtchwiMIAYp9NLg==}
    peerDependencies:
      '@types/react': '*'
      react: ^16.8 || ^17.0 || ^18.0
    peerDependenciesMeta:
      '@types/react':
        optional: true
    dependencies:
      '@babel/runtime': 7.24.0
      react: 18.2.0
    dev: false

  /@radix-ui/react-dialog@1.0.0(react-dom@18.2.0)(react@18.2.0):
    resolution: {integrity: sha512-Yn9YU+QlHYLWwV1XfKiqnGVpWYWk6MeBVM6x/bcoyPvxgjQGoeT35482viLPctTMWoMw0PoHgqfSox7Ig+957Q==}
    peerDependencies:
      react: ^16.8 || ^17.0 || ^18.0
      react-dom: ^16.8 || ^17.0 || ^18.0
    dependencies:
      '@babel/runtime': 7.24.0
      '@radix-ui/primitive': 1.0.0
      '@radix-ui/react-compose-refs': 1.0.0(react@18.2.0)
      '@radix-ui/react-context': 1.0.0(react@18.2.0)
      '@radix-ui/react-dismissable-layer': 1.0.0(react-dom@18.2.0)(react@18.2.0)
      '@radix-ui/react-focus-guards': 1.0.0(react@18.2.0)
      '@radix-ui/react-focus-scope': 1.0.0(react-dom@18.2.0)(react@18.2.0)
      '@radix-ui/react-id': 1.0.0(react@18.2.0)
      '@radix-ui/react-portal': 1.0.0(react-dom@18.2.0)(react@18.2.0)
      '@radix-ui/react-presence': 1.0.0(react-dom@18.2.0)(react@18.2.0)
      '@radix-ui/react-primitive': 1.0.0(react-dom@18.2.0)(react@18.2.0)
      '@radix-ui/react-slot': 1.0.0(react@18.2.0)
      '@radix-ui/react-use-controllable-state': 1.0.0(react@18.2.0)
      aria-hidden: 1.2.3
      react: 18.2.0
      react-dom: 18.2.0(react@18.2.0)
      react-remove-scroll: 2.5.4(react@18.2.0)
    transitivePeerDependencies:
      - '@types/react'
    dev: false

  /@radix-ui/react-dialog@1.0.5(react-dom@18.2.0)(react@18.2.0):
    resolution: {integrity: sha512-GjWJX/AUpB703eEBanuBnIWdIXg6NvJFCXcNlSZk4xdszCdhrJgBoUd1cGk67vFO+WdA2pfI/plOpqz/5GUP6Q==}
    peerDependencies:
      '@types/react': '*'
      '@types/react-dom': '*'
      react: ^16.8 || ^17.0 || ^18.0
      react-dom: ^16.8 || ^17.0 || ^18.0
    peerDependenciesMeta:
      '@types/react':
        optional: true
      '@types/react-dom':
        optional: true
    dependencies:
      '@babel/runtime': 7.24.0
      '@radix-ui/primitive': 1.0.1
      '@radix-ui/react-compose-refs': 1.0.1(react@18.2.0)
      '@radix-ui/react-context': 1.0.1(react@18.2.0)
      '@radix-ui/react-dismissable-layer': 1.0.5(react-dom@18.2.0)(react@18.2.0)
      '@radix-ui/react-focus-guards': 1.0.1(react@18.2.0)
      '@radix-ui/react-focus-scope': 1.0.4(react-dom@18.2.0)(react@18.2.0)
      '@radix-ui/react-id': 1.0.1(react@18.2.0)
      '@radix-ui/react-portal': 1.0.4(react-dom@18.2.0)(react@18.2.0)
      '@radix-ui/react-presence': 1.0.1(react-dom@18.2.0)(react@18.2.0)
      '@radix-ui/react-primitive': 1.0.3(react-dom@18.2.0)(react@18.2.0)
      '@radix-ui/react-slot': 1.0.2(react@18.2.0)
      '@radix-ui/react-use-controllable-state': 1.0.1(react@18.2.0)
      aria-hidden: 1.2.3
      react: 18.2.0
      react-dom: 18.2.0(react@18.2.0)
      react-remove-scroll: 2.5.5(react@18.2.0)
    dev: false

  /@radix-ui/react-direction@1.0.1(react@18.2.0):
    resolution: {integrity: sha512-RXcvnXgyvYvBEOhCBuddKecVkoMiI10Jcm5cTI7abJRAHYfFxeu+FBQs/DvdxSYucxR5mna0dNsL6QFlds5TMA==}
    peerDependencies:
      '@types/react': '*'
      react: ^16.8 || ^17.0 || ^18.0
    peerDependenciesMeta:
      '@types/react':
        optional: true
    dependencies:
      '@babel/runtime': 7.24.0
      react: 18.2.0
    dev: false

  /@radix-ui/react-dismissable-layer@1.0.0(react-dom@18.2.0)(react@18.2.0):
    resolution: {integrity: sha512-n7kDRfx+LB1zLueRDvZ1Pd0bxdJWDUZNQ/GWoxDn2prnuJKRdxsjulejX/ePkOsLi2tTm6P24mDqlMSgQpsT6g==}
    peerDependencies:
      react: ^16.8 || ^17.0 || ^18.0
      react-dom: ^16.8 || ^17.0 || ^18.0
    dependencies:
      '@babel/runtime': 7.24.0
      '@radix-ui/primitive': 1.0.0
      '@radix-ui/react-compose-refs': 1.0.0(react@18.2.0)
      '@radix-ui/react-primitive': 1.0.0(react-dom@18.2.0)(react@18.2.0)
      '@radix-ui/react-use-callback-ref': 1.0.0(react@18.2.0)
      '@radix-ui/react-use-escape-keydown': 1.0.0(react@18.2.0)
      react: 18.2.0
      react-dom: 18.2.0(react@18.2.0)
    dev: false

  /@radix-ui/react-dismissable-layer@1.0.5(react-dom@18.2.0)(react@18.2.0):
    resolution: {integrity: sha512-aJeDjQhywg9LBu2t/At58hCvr7pEm0o2Ke1x33B+MhjNmmZ17sy4KImo0KPLgsnc/zN7GPdce8Cnn0SWvwZO7g==}
    peerDependencies:
      '@types/react': '*'
      '@types/react-dom': '*'
      react: ^16.8 || ^17.0 || ^18.0
      react-dom: ^16.8 || ^17.0 || ^18.0
    peerDependenciesMeta:
      '@types/react':
        optional: true
      '@types/react-dom':
        optional: true
    dependencies:
      '@babel/runtime': 7.24.0
      '@radix-ui/primitive': 1.0.1
      '@radix-ui/react-compose-refs': 1.0.1(react@18.2.0)
      '@radix-ui/react-primitive': 1.0.3(react-dom@18.2.0)(react@18.2.0)
      '@radix-ui/react-use-callback-ref': 1.0.1(react@18.2.0)
      '@radix-ui/react-use-escape-keydown': 1.0.3(react@18.2.0)
      react: 18.2.0
      react-dom: 18.2.0(react@18.2.0)
    dev: false

  /@radix-ui/react-focus-guards@1.0.0(react@18.2.0):
    resolution: {integrity: sha512-UagjDk4ijOAnGu4WMUPj9ahi7/zJJqNZ9ZAiGPp7waUWJO0O1aWXi/udPphI0IUjvrhBsZJGSN66dR2dsueLWQ==}
    peerDependencies:
      react: ^16.8 || ^17.0 || ^18.0
    dependencies:
      '@babel/runtime': 7.24.0
      react: 18.2.0
    dev: false

  /@radix-ui/react-focus-guards@1.0.1(react@18.2.0):
    resolution: {integrity: sha512-Rect2dWbQ8waGzhMavsIbmSVCgYxkXLxxR3ZvCX79JOglzdEy4JXMb98lq4hPxUbLr77nP0UOGf4rcMU+s1pUA==}
    peerDependencies:
      '@types/react': '*'
      react: ^16.8 || ^17.0 || ^18.0
    peerDependenciesMeta:
      '@types/react':
        optional: true
    dependencies:
      '@babel/runtime': 7.24.0
      react: 18.2.0
    dev: false

  /@radix-ui/react-focus-scope@1.0.0(react-dom@18.2.0)(react@18.2.0):
    resolution: {integrity: sha512-C4SWtsULLGf/2L4oGeIHlvWQx7Rf+7cX/vKOAD2dXW0A1b5QXwi3wWeaEgW+wn+SEVrraMUk05vLU9fZZz5HbQ==}
    peerDependencies:
      react: ^16.8 || ^17.0 || ^18.0
      react-dom: ^16.8 || ^17.0 || ^18.0
    dependencies:
      '@babel/runtime': 7.24.0
      '@radix-ui/react-compose-refs': 1.0.0(react@18.2.0)
      '@radix-ui/react-primitive': 1.0.0(react-dom@18.2.0)(react@18.2.0)
      '@radix-ui/react-use-callback-ref': 1.0.0(react@18.2.0)
      react: 18.2.0
      react-dom: 18.2.0(react@18.2.0)
    dev: false

  /@radix-ui/react-focus-scope@1.0.4(react-dom@18.2.0)(react@18.2.0):
    resolution: {integrity: sha512-sL04Mgvf+FmyvZeYfNu1EPAaaxD+aw7cYeIB9L9Fvq8+urhltTRaEo5ysKOpHuKPclsZcSUMKlN05x4u+CINpA==}
    peerDependencies:
      '@types/react': '*'
      '@types/react-dom': '*'
      react: ^16.8 || ^17.0 || ^18.0
      react-dom: ^16.8 || ^17.0 || ^18.0
    peerDependenciesMeta:
      '@types/react':
        optional: true
      '@types/react-dom':
        optional: true
    dependencies:
      '@babel/runtime': 7.24.0
      '@radix-ui/react-compose-refs': 1.0.1(react@18.2.0)
      '@radix-ui/react-primitive': 1.0.3(react-dom@18.2.0)(react@18.2.0)
      '@radix-ui/react-use-callback-ref': 1.0.1(react@18.2.0)
      react: 18.2.0
      react-dom: 18.2.0(react@18.2.0)
    dev: false

  /@radix-ui/react-icons@1.3.0(react@18.2.0):
    resolution: {integrity: sha512-jQxj/0LKgp+j9BiTXz3O3sgs26RNet2iLWmsPyRz2SIcR4q/4SbazXfnYwbAr+vLYKSfc7qxzyGQA1HLlYiuNw==}
    peerDependencies:
      react: ^16.x || ^17.x || ^18.x
    dependencies:
      react: 18.2.0
    dev: false

  /@radix-ui/react-id@1.0.0(react@18.2.0):
    resolution: {integrity: sha512-Q6iAB/U7Tq3NTolBBQbHTgclPmGWE3OlktGGqrClPozSw4vkQ1DfQAOtzgRPecKsMdJINE05iaoDUG8tRzCBjw==}
    peerDependencies:
      react: ^16.8 || ^17.0 || ^18.0
    dependencies:
      '@babel/runtime': 7.24.0
      '@radix-ui/react-use-layout-effect': 1.0.0(react@18.2.0)
      react: 18.2.0
    dev: false

  /@radix-ui/react-id@1.0.1(react@18.2.0):
    resolution: {integrity: sha512-tI7sT/kqYp8p96yGWY1OAnLHrqDgzHefRBKQ2YAkBS5ja7QLcZ9Z/uY7bEjPUatf8RomoXM8/1sMj1IJaE5UzQ==}
    peerDependencies:
      '@types/react': '*'
      react: ^16.8 || ^17.0 || ^18.0
    peerDependenciesMeta:
      '@types/react':
        optional: true
    dependencies:
      '@babel/runtime': 7.24.0
      '@radix-ui/react-use-layout-effect': 1.0.1(react@18.2.0)
      react: 18.2.0
    dev: false

  /@radix-ui/react-popover@1.0.7(react-dom@18.2.0)(react@18.2.0):
    resolution: {integrity: sha512-shtvVnlsxT6faMnK/a7n0wptwBD23xc1Z5mdrtKLwVEfsEMXodS0r5s0/g5P0hX//EKYZS2sxUjqfzlg52ZSnQ==}
    peerDependencies:
      '@types/react': '*'
      '@types/react-dom': '*'
      react: ^16.8 || ^17.0 || ^18.0
      react-dom: ^16.8 || ^17.0 || ^18.0
    peerDependenciesMeta:
      '@types/react':
        optional: true
      '@types/react-dom':
        optional: true
    dependencies:
      '@babel/runtime': 7.24.0
      '@radix-ui/primitive': 1.0.1
      '@radix-ui/react-compose-refs': 1.0.1(react@18.2.0)
      '@radix-ui/react-context': 1.0.1(react@18.2.0)
      '@radix-ui/react-dismissable-layer': 1.0.5(react-dom@18.2.0)(react@18.2.0)
      '@radix-ui/react-focus-guards': 1.0.1(react@18.2.0)
      '@radix-ui/react-focus-scope': 1.0.4(react-dom@18.2.0)(react@18.2.0)
      '@radix-ui/react-id': 1.0.1(react@18.2.0)
      '@radix-ui/react-popper': 1.1.3(react-dom@18.2.0)(react@18.2.0)
      '@radix-ui/react-portal': 1.0.4(react-dom@18.2.0)(react@18.2.0)
      '@radix-ui/react-presence': 1.0.1(react-dom@18.2.0)(react@18.2.0)
      '@radix-ui/react-primitive': 1.0.3(react-dom@18.2.0)(react@18.2.0)
      '@radix-ui/react-slot': 1.0.2(react@18.2.0)
      '@radix-ui/react-use-controllable-state': 1.0.1(react@18.2.0)
      aria-hidden: 1.2.3
      react: 18.2.0
      react-dom: 18.2.0(react@18.2.0)
      react-remove-scroll: 2.5.5(react@18.2.0)
    dev: false

  /@radix-ui/react-popper@1.1.3(react-dom@18.2.0)(react@18.2.0):
    resolution: {integrity: sha512-cKpopj/5RHZWjrbF2846jBNacjQVwkP068DfmgrNJXpvVWrOvlAmE9xSiy5OqeE+Gi8D9fP+oDhUnPqNMY8/5w==}
    peerDependencies:
      '@types/react': '*'
      '@types/react-dom': '*'
      react: ^16.8 || ^17.0 || ^18.0
      react-dom: ^16.8 || ^17.0 || ^18.0
    peerDependenciesMeta:
      '@types/react':
        optional: true
      '@types/react-dom':
        optional: true
    dependencies:
      '@babel/runtime': 7.24.0
      '@floating-ui/react-dom': 2.0.8(react-dom@18.2.0)(react@18.2.0)
      '@radix-ui/react-arrow': 1.0.3(react-dom@18.2.0)(react@18.2.0)
      '@radix-ui/react-compose-refs': 1.0.1(react@18.2.0)
      '@radix-ui/react-context': 1.0.1(react@18.2.0)
      '@radix-ui/react-primitive': 1.0.3(react-dom@18.2.0)(react@18.2.0)
      '@radix-ui/react-use-callback-ref': 1.0.1(react@18.2.0)
      '@radix-ui/react-use-layout-effect': 1.0.1(react@18.2.0)
      '@radix-ui/react-use-rect': 1.0.1(react@18.2.0)
      '@radix-ui/react-use-size': 1.0.1(react@18.2.0)
      '@radix-ui/rect': 1.0.1
      react: 18.2.0
      react-dom: 18.2.0(react@18.2.0)
    dev: false

  /@radix-ui/react-portal@1.0.0(react-dom@18.2.0)(react@18.2.0):
    resolution: {integrity: sha512-a8qyFO/Xb99d8wQdu4o7qnigNjTPG123uADNecz0eX4usnQEj7o+cG4ZX4zkqq98NYekT7UoEQIjxBNWIFuqTA==}
    peerDependencies:
      react: ^16.8 || ^17.0 || ^18.0
      react-dom: ^16.8 || ^17.0 || ^18.0
    dependencies:
      '@babel/runtime': 7.24.0
      '@radix-ui/react-primitive': 1.0.0(react-dom@18.2.0)(react@18.2.0)
      react: 18.2.0
      react-dom: 18.2.0(react@18.2.0)
    dev: false

  /@radix-ui/react-portal@1.0.4(react-dom@18.2.0)(react@18.2.0):
    resolution: {integrity: sha512-Qki+C/EuGUVCQTOTD5vzJzJuMUlewbzuKyUy+/iHM2uwGiru9gZeBJtHAPKAEkB5KWGi9mP/CHKcY0wt1aW45Q==}
    peerDependencies:
      '@types/react': '*'
      '@types/react-dom': '*'
      react: ^16.8 || ^17.0 || ^18.0
      react-dom: ^16.8 || ^17.0 || ^18.0
    peerDependenciesMeta:
      '@types/react':
        optional: true
      '@types/react-dom':
        optional: true
    dependencies:
      '@babel/runtime': 7.24.0
      '@radix-ui/react-primitive': 1.0.3(react-dom@18.2.0)(react@18.2.0)
      react: 18.2.0
      react-dom: 18.2.0(react@18.2.0)
    dev: false

  /@radix-ui/react-presence@1.0.0(react-dom@18.2.0)(react@18.2.0):
    resolution: {integrity: sha512-A+6XEvN01NfVWiKu38ybawfHsBjWum42MRPnEuqPsBZ4eV7e/7K321B5VgYMPv3Xx5An6o1/l9ZuDBgmcmWK3w==}
    peerDependencies:
      react: ^16.8 || ^17.0 || ^18.0
      react-dom: ^16.8 || ^17.0 || ^18.0
    dependencies:
      '@babel/runtime': 7.24.0
      '@radix-ui/react-compose-refs': 1.0.0(react@18.2.0)
      '@radix-ui/react-use-layout-effect': 1.0.0(react@18.2.0)
      react: 18.2.0
      react-dom: 18.2.0(react@18.2.0)
    dev: false

  /@radix-ui/react-presence@1.0.1(react-dom@18.2.0)(react@18.2.0):
    resolution: {integrity: sha512-UXLW4UAbIY5ZjcvzjfRFo5gxva8QirC9hF7wRE4U5gz+TP0DbRk+//qyuAQ1McDxBt1xNMBTaciFGvEmJvAZCg==}
    peerDependencies:
      '@types/react': '*'
      '@types/react-dom': '*'
      react: ^16.8 || ^17.0 || ^18.0
      react-dom: ^16.8 || ^17.0 || ^18.0
    peerDependenciesMeta:
      '@types/react':
        optional: true
      '@types/react-dom':
        optional: true
    dependencies:
      '@babel/runtime': 7.24.0
      '@radix-ui/react-compose-refs': 1.0.1(react@18.2.0)
      '@radix-ui/react-use-layout-effect': 1.0.1(react@18.2.0)
      react: 18.2.0
      react-dom: 18.2.0(react@18.2.0)
    dev: false

  /@radix-ui/react-primitive@1.0.0(react-dom@18.2.0)(react@18.2.0):
    resolution: {integrity: sha512-EyXe6mnRlHZ8b6f4ilTDrXmkLShICIuOTTj0GX4w1rp+wSxf3+TD05u1UOITC8VsJ2a9nwHvdXtOXEOl0Cw/zQ==}
    peerDependencies:
      react: ^16.8 || ^17.0 || ^18.0
      react-dom: ^16.8 || ^17.0 || ^18.0
    dependencies:
      '@babel/runtime': 7.24.0
      '@radix-ui/react-slot': 1.0.0(react@18.2.0)
      react: 18.2.0
      react-dom: 18.2.0(react@18.2.0)
    dev: false

  /@radix-ui/react-primitive@1.0.3(react-dom@18.2.0)(react@18.2.0):
    resolution: {integrity: sha512-yi58uVyoAcK/Nq1inRY56ZSjKypBNKTa/1mcL8qdl6oJeEaDbOldlzrGn7P6Q3Id5d+SYNGc5AJgc4vGhjs5+g==}
    peerDependencies:
      '@types/react': '*'
      '@types/react-dom': '*'
      react: ^16.8 || ^17.0 || ^18.0
      react-dom: ^16.8 || ^17.0 || ^18.0
    peerDependenciesMeta:
      '@types/react':
        optional: true
      '@types/react-dom':
        optional: true
    dependencies:
      '@babel/runtime': 7.24.0
      '@radix-ui/react-slot': 1.0.2(react@18.2.0)
      react: 18.2.0
      react-dom: 18.2.0(react@18.2.0)
    dev: false

  /@radix-ui/react-select@2.0.0(react-dom@18.2.0)(react@18.2.0):
    resolution: {integrity: sha512-RH5b7af4oHtkcHS7pG6Sgv5rk5Wxa7XI8W5gvB1N/yiuDGZxko1ynvOiVhFM7Cis2A8zxF9bTOUVbRDzPepe6w==}
    peerDependencies:
      '@types/react': '*'
      '@types/react-dom': '*'
      react: ^16.8 || ^17.0 || ^18.0
      react-dom: ^16.8 || ^17.0 || ^18.0
    peerDependenciesMeta:
      '@types/react':
        optional: true
      '@types/react-dom':
        optional: true
    dependencies:
      '@babel/runtime': 7.24.0
      '@radix-ui/number': 1.0.1
      '@radix-ui/primitive': 1.0.1
      '@radix-ui/react-collection': 1.0.3(react-dom@18.2.0)(react@18.2.0)
      '@radix-ui/react-compose-refs': 1.0.1(react@18.2.0)
      '@radix-ui/react-context': 1.0.1(react@18.2.0)
      '@radix-ui/react-direction': 1.0.1(react@18.2.0)
      '@radix-ui/react-dismissable-layer': 1.0.5(react-dom@18.2.0)(react@18.2.0)
      '@radix-ui/react-focus-guards': 1.0.1(react@18.2.0)
      '@radix-ui/react-focus-scope': 1.0.4(react-dom@18.2.0)(react@18.2.0)
      '@radix-ui/react-id': 1.0.1(react@18.2.0)
      '@radix-ui/react-popper': 1.1.3(react-dom@18.2.0)(react@18.2.0)
      '@radix-ui/react-portal': 1.0.4(react-dom@18.2.0)(react@18.2.0)
      '@radix-ui/react-primitive': 1.0.3(react-dom@18.2.0)(react@18.2.0)
      '@radix-ui/react-slot': 1.0.2(react@18.2.0)
      '@radix-ui/react-use-callback-ref': 1.0.1(react@18.2.0)
      '@radix-ui/react-use-controllable-state': 1.0.1(react@18.2.0)
      '@radix-ui/react-use-layout-effect': 1.0.1(react@18.2.0)
      '@radix-ui/react-use-previous': 1.0.1(react@18.2.0)
      '@radix-ui/react-visually-hidden': 1.0.3(react-dom@18.2.0)(react@18.2.0)
      aria-hidden: 1.2.3
      react: 18.2.0
      react-dom: 18.2.0(react@18.2.0)
      react-remove-scroll: 2.5.5(react@18.2.0)
    dev: false

  /@radix-ui/react-separator@1.0.3(react-dom@18.2.0)(react@18.2.0):
    resolution: {integrity: sha512-itYmTy/kokS21aiV5+Z56MZB54KrhPgn6eHDKkFeOLR34HMN2s8PaN47qZZAGnvupcjxHaFZnW4pQEh0BvvVuw==}
    peerDependencies:
      '@types/react': '*'
      '@types/react-dom': '*'
      react: ^16.8 || ^17.0 || ^18.0
      react-dom: ^16.8 || ^17.0 || ^18.0
    peerDependenciesMeta:
      '@types/react':
        optional: true
      '@types/react-dom':
        optional: true
    dependencies:
      '@babel/runtime': 7.24.0
      '@radix-ui/react-primitive': 1.0.3(react-dom@18.2.0)(react@18.2.0)
      react: 18.2.0
      react-dom: 18.2.0(react@18.2.0)
    dev: false

  /@radix-ui/react-slot@1.0.0(react@18.2.0):
    resolution: {integrity: sha512-3mrKauI/tWXo1Ll+gN5dHcxDPdm/Df1ufcDLCecn+pnCIVcdWE7CujXo8QaXOWRJyZyQWWbpB8eFwHzWXlv5mQ==}
    peerDependencies:
      react: ^16.8 || ^17.0 || ^18.0
    dependencies:
      '@babel/runtime': 7.24.0
      '@radix-ui/react-compose-refs': 1.0.0(react@18.2.0)
      react: 18.2.0
    dev: false

  /@radix-ui/react-slot@1.0.2(react@18.2.0):
    resolution: {integrity: sha512-YeTpuq4deV+6DusvVUW4ivBgnkHwECUu0BiN43L5UCDFgdhsRUWAghhTF5MbvNTPzmiFOx90asDSUjWuCNapwg==}
    peerDependencies:
      '@types/react': '*'
      react: ^16.8 || ^17.0 || ^18.0
    peerDependenciesMeta:
      '@types/react':
        optional: true
    dependencies:
      '@babel/runtime': 7.24.0
      '@radix-ui/react-compose-refs': 1.0.1(react@18.2.0)
      react: 18.2.0
    dev: false

  /@radix-ui/react-tooltip@1.0.7(react-dom@18.2.0)(react@18.2.0):
    resolution: {integrity: sha512-lPh5iKNFVQ/jav/j6ZrWq3blfDJ0OH9R6FlNUHPMqdLuQ9vwDgFsRxvl8b7Asuy5c8xmoojHUxKHQSOAvMHxyw==}
    peerDependencies:
      '@types/react': '*'
      '@types/react-dom': '*'
      react: ^16.8 || ^17.0 || ^18.0
      react-dom: ^16.8 || ^17.0 || ^18.0
    peerDependenciesMeta:
      '@types/react':
        optional: true
      '@types/react-dom':
        optional: true
    dependencies:
      '@babel/runtime': 7.24.0
      '@radix-ui/primitive': 1.0.1
      '@radix-ui/react-compose-refs': 1.0.1(react@18.2.0)
      '@radix-ui/react-context': 1.0.1(react@18.2.0)
      '@radix-ui/react-dismissable-layer': 1.0.5(react-dom@18.2.0)(react@18.2.0)
      '@radix-ui/react-id': 1.0.1(react@18.2.0)
      '@radix-ui/react-popper': 1.1.3(react-dom@18.2.0)(react@18.2.0)
      '@radix-ui/react-portal': 1.0.4(react-dom@18.2.0)(react@18.2.0)
      '@radix-ui/react-presence': 1.0.1(react-dom@18.2.0)(react@18.2.0)
      '@radix-ui/react-primitive': 1.0.3(react-dom@18.2.0)(react@18.2.0)
      '@radix-ui/react-slot': 1.0.2(react@18.2.0)
      '@radix-ui/react-use-controllable-state': 1.0.1(react@18.2.0)
      '@radix-ui/react-visually-hidden': 1.0.3(react-dom@18.2.0)(react@18.2.0)
      react: 18.2.0
      react-dom: 18.2.0(react@18.2.0)
    dev: false

  /@radix-ui/react-use-callback-ref@1.0.0(react@18.2.0):
    resolution: {integrity: sha512-GZtyzoHz95Rhs6S63D2t/eqvdFCm7I+yHMLVQheKM7nBD8mbZIt+ct1jz4536MDnaOGKIxynJ8eHTkVGVVkoTg==}
    peerDependencies:
      react: ^16.8 || ^17.0 || ^18.0
    dependencies:
      '@babel/runtime': 7.24.0
      react: 18.2.0
    dev: false

  /@radix-ui/react-use-callback-ref@1.0.1(react@18.2.0):
    resolution: {integrity: sha512-D94LjX4Sp0xJFVaoQOd3OO9k7tpBYNOXdVhkltUbGv2Qb9OXdrg/CpsjlZv7ia14Sylv398LswWBVVu5nqKzAQ==}
    peerDependencies:
      '@types/react': '*'
      react: ^16.8 || ^17.0 || ^18.0
    peerDependenciesMeta:
      '@types/react':
        optional: true
    dependencies:
      '@babel/runtime': 7.24.0
      react: 18.2.0
    dev: false

  /@radix-ui/react-use-controllable-state@1.0.0(react@18.2.0):
    resolution: {integrity: sha512-FohDoZvk3mEXh9AWAVyRTYR4Sq7/gavuofglmiXB2g1aKyboUD4YtgWxKj8O5n+Uak52gXQ4wKz5IFST4vtJHg==}
    peerDependencies:
      react: ^16.8 || ^17.0 || ^18.0
    dependencies:
      '@babel/runtime': 7.24.0
      '@radix-ui/react-use-callback-ref': 1.0.0(react@18.2.0)
      react: 18.2.0
    dev: false

  /@radix-ui/react-use-controllable-state@1.0.1(react@18.2.0):
    resolution: {integrity: sha512-Svl5GY5FQeN758fWKrjM6Qb7asvXeiZltlT4U2gVfl8Gx5UAv2sMR0LWo8yhsIZh2oQ0eFdZ59aoOOMV7b47VA==}
    peerDependencies:
      '@types/react': '*'
      react: ^16.8 || ^17.0 || ^18.0
    peerDependenciesMeta:
      '@types/react':
        optional: true
    dependencies:
      '@babel/runtime': 7.24.0
      '@radix-ui/react-use-callback-ref': 1.0.1(react@18.2.0)
      react: 18.2.0
    dev: false

  /@radix-ui/react-use-escape-keydown@1.0.0(react@18.2.0):
    resolution: {integrity: sha512-JwfBCUIfhXRxKExgIqGa4CQsiMemo1Xt0W/B4ei3fpzpvPENKpMKQ8mZSB6Acj3ebrAEgi2xiQvcI1PAAodvyg==}
    peerDependencies:
      react: ^16.8 || ^17.0 || ^18.0
    dependencies:
      '@babel/runtime': 7.24.0
      '@radix-ui/react-use-callback-ref': 1.0.0(react@18.2.0)
      react: 18.2.0
    dev: false

  /@radix-ui/react-use-escape-keydown@1.0.3(react@18.2.0):
    resolution: {integrity: sha512-vyL82j40hcFicA+M4Ex7hVkB9vHgSse1ZWomAqV2Je3RleKGO5iM8KMOEtfoSB0PnIelMd2lATjTGMYqN5ylTg==}
    peerDependencies:
      '@types/react': '*'
      react: ^16.8 || ^17.0 || ^18.0
    peerDependenciesMeta:
      '@types/react':
        optional: true
    dependencies:
      '@babel/runtime': 7.24.0
      '@radix-ui/react-use-callback-ref': 1.0.1(react@18.2.0)
      react: 18.2.0
    dev: false

  /@radix-ui/react-use-layout-effect@1.0.0(react@18.2.0):
    resolution: {integrity: sha512-6Tpkq+R6LOlmQb1R5NNETLG0B4YP0wc+klfXafpUCj6JGyaUc8il7/kUZ7m59rGbXGczE9Bs+iz2qloqsZBduQ==}
    peerDependencies:
      react: ^16.8 || ^17.0 || ^18.0
    dependencies:
      '@babel/runtime': 7.24.0
      react: 18.2.0
    dev: false

  /@radix-ui/react-use-layout-effect@1.0.1(react@18.2.0):
    resolution: {integrity: sha512-v/5RegiJWYdoCvMnITBkNNx6bCj20fiaJnWtRkU18yITptraXjffz5Qbn05uOiQnOvi+dbkznkoaMltz1GnszQ==}
    peerDependencies:
      '@types/react': '*'
      react: ^16.8 || ^17.0 || ^18.0
    peerDependenciesMeta:
      '@types/react':
        optional: true
    dependencies:
      '@babel/runtime': 7.24.0
      react: 18.2.0
    dev: false

  /@radix-ui/react-use-previous@1.0.1(react@18.2.0):
    resolution: {integrity: sha512-cV5La9DPwiQ7S0gf/0qiD6YgNqM5Fk97Kdrlc5yBcrF3jyEZQwm7vYFqMo4IfeHgJXsRaMvLABFtd0OVEmZhDw==}
    peerDependencies:
      '@types/react': '*'
      react: ^16.8 || ^17.0 || ^18.0
    peerDependenciesMeta:
      '@types/react':
        optional: true
    dependencies:
      '@babel/runtime': 7.24.0
      react: 18.2.0
    dev: false

  /@radix-ui/react-use-rect@1.0.1(react@18.2.0):
    resolution: {integrity: sha512-Cq5DLuSiuYVKNU8orzJMbl15TXilTnJKUCltMVQg53BQOF1/C5toAaGrowkgksdBQ9H+SRL23g0HDmg9tvmxXw==}
    peerDependencies:
      '@types/react': '*'
      react: ^16.8 || ^17.0 || ^18.0
    peerDependenciesMeta:
      '@types/react':
        optional: true
    dependencies:
      '@babel/runtime': 7.24.0
      '@radix-ui/rect': 1.0.1
      react: 18.2.0
    dev: false

  /@radix-ui/react-use-size@1.0.1(react@18.2.0):
    resolution: {integrity: sha512-ibay+VqrgcaI6veAojjofPATwledXiSmX+C0KrBk/xgpX9rBzPV3OsfwlhQdUOFbh+LKQorLYT+xTXW9V8yd0g==}
    peerDependencies:
      '@types/react': '*'
      react: ^16.8 || ^17.0 || ^18.0
    peerDependenciesMeta:
      '@types/react':
        optional: true
    dependencies:
      '@babel/runtime': 7.24.0
      '@radix-ui/react-use-layout-effect': 1.0.1(react@18.2.0)
      react: 18.2.0
    dev: false

  /@radix-ui/react-visually-hidden@1.0.3(react-dom@18.2.0)(react@18.2.0):
    resolution: {integrity: sha512-D4w41yN5YRKtu464TLnByKzMDG/JlMPHtfZgQAu9v6mNakUqGUI9vUrfQKz8NK41VMm/xbZbh76NUTVtIYqOMA==}
    peerDependencies:
      '@types/react': '*'
      '@types/react-dom': '*'
      react: ^16.8 || ^17.0 || ^18.0
      react-dom: ^16.8 || ^17.0 || ^18.0
    peerDependenciesMeta:
      '@types/react':
        optional: true
      '@types/react-dom':
        optional: true
    dependencies:
      '@babel/runtime': 7.24.0
      '@radix-ui/react-primitive': 1.0.3(react-dom@18.2.0)(react@18.2.0)
      react: 18.2.0
      react-dom: 18.2.0(react@18.2.0)
    dev: false

  /@radix-ui/rect@1.0.1:
    resolution: {integrity: sha512-fyrgCaedtvMg9NK3en0pnOYJdtfwxUcNolezkNPUsoX57X8oQk+NkqcvzHXD2uKNij6GXmWU9NDru2IWjrO4BQ==}
    dependencies:
      '@babel/runtime': 7.24.0
    dev: false

  /@remix-run/router@1.15.1:
    resolution: {integrity: sha512-zcU0gM3z+3iqj8UX45AmWY810l3oUmXM7uH4dt5xtzvMhRtYVhKGOmgOd1877dOPPepfCjUv57w+syamWIYe7w==}
    engines: {node: '>=14.0.0'}
    dev: false

  /@tanstack/match-sorter-utils@8.11.8:
    resolution: {integrity: sha512-3VPh0SYMGCa5dWQEqNab87UpCMk+ANWHDP4ALs5PeEW9EpfTAbrezzaOk/OiM52IESViefkoAOYuxdoa04p6aA==}
    engines: {node: '>=12'}
    dependencies:
      remove-accents: 0.4.2
    dev: false

  /aria-hidden@1.2.3:
    resolution: {integrity: sha512-xcLxITLe2HYa1cnYnwCjkOO1PqUHQpozB8x9AR0OgWN2woOBi5kSDVxKfd0b7sb1hw5qFeJhXm9H1nu3xSfLeQ==}
    engines: {node: '>=10'}
    dependencies:
      tslib: 2.6.2
    dev: false

  /cmdk@0.2.1(react-dom@18.2.0)(react@18.2.0):
    resolution: {integrity: sha512-U6//9lQ6JvT47+6OF6Gi8BvkxYQ8SCRRSKIJkthIMsFsLZRG0cKvTtuTaefyIKMQb8rvvXy0wGdpTNq/jPtm+g==}
    peerDependencies:
      react: ^18.0.0
      react-dom: ^18.0.0
    dependencies:
      '@radix-ui/react-dialog': 1.0.0(react-dom@18.2.0)(react@18.2.0)
      react: 18.2.0
      react-dom: 18.2.0(react@18.2.0)
    transitivePeerDependencies:
      - '@types/react'
    dev: false

  /detect-node-es@1.1.0:
    resolution: {integrity: sha512-ypdmJU/TbBby2Dxibuv7ZLW3Bs1QEmM7nHjEANfohJLvE0XVujisn1qPJcZxg+qDucsr+bP6fLD1rPS3AhJ7EQ==}
    dev: false

  /get-nonce@1.0.1:
    resolution: {integrity: sha512-FJhYRoDaiatfEkUK8HKlicmu/3SGFD51q3itKDGoSTysQJBnfOcxU5GxnhE1E6soB76MbT0MBtnKJuXyAx+96Q==}
    engines: {node: '>=6'}
    dev: false

  /invariant@2.2.4:
    resolution: {integrity: sha512-phJfQVBuaJM5raOpJjSfkiD6BpbCE4Ns//LaXl6wGYtUBY83nWS6Rf9tXm2e8VaK60JEjYldbPif/A2B1C2gNA==}
    dependencies:
      loose-envify: 1.4.0
    dev: false

  /js-tokens@4.0.0:
    resolution: {integrity: sha512-RdJUflcE3cUzKiMqQgsCu06FPu9UdIJO0beYbPhHN4k6apgJtifcoCtT9bcxOpYBtpD2kCM6Sbzg4CausW/PKQ==}
    dev: false

  /loose-envify@1.4.0:
    resolution: {integrity: sha512-lyuxPGr/Wfhrlem2CL/UcnUc1zcqKAImBDzukY7Y5F/yQiNdko6+fRLevlw1HgMySw7f611UIY408EtxRSoK3Q==}
    hasBin: true
    dependencies:
      js-tokens: 4.0.0
    dev: false

  /react-dom@18.2.0(react@18.2.0):
    resolution: {integrity: sha512-6IMTriUmvsjHUjNtEDudZfuDQUoWXVxKHhlEGSk81n4YFS+r/Kl99wXiwlVXtPBtJenozv2P+hxDsw9eA7Xo6g==}
    peerDependencies:
      react: ^18.2.0
    dependencies:
      loose-envify: 1.4.0
      react: 18.2.0
      scheduler: 0.23.0
    dev: false

  /react-icons@5.0.1(react@18.2.0):
    resolution: {integrity: sha512-WqLZJ4bLzlhmsvme6iFdgO8gfZP17rfjYEJ2m9RsZjZ+cc4k1hTzknEz63YS1MeT50kVzoa1Nz36f4BEx+Wigw==}
    peerDependencies:
      react: '*'
    dependencies:
      react: 18.2.0
    dev: false

  /react-remove-scroll-bar@2.3.5(react@18.2.0):
    resolution: {integrity: sha512-3cqjOqg6s0XbOjWvmasmqHch+RLxIEk2r/70rzGXuz3iIGQsQheEQyqYCBb5EECoD01Vo2SIbDqW4paLeLTASw==}
    engines: {node: '>=10'}
    peerDependencies:
      '@types/react': ^16.8.0 || ^17.0.0 || ^18.0.0
      react: ^16.8.0 || ^17.0.0 || ^18.0.0
    peerDependenciesMeta:
      '@types/react':
        optional: true
    dependencies:
      react: 18.2.0
      react-style-singleton: 2.2.1(react@18.2.0)
      tslib: 2.6.2
    dev: false

  /react-remove-scroll@2.5.4(react@18.2.0):
    resolution: {integrity: sha512-xGVKJJr0SJGQVirVFAUZ2k1QLyO6m+2fy0l8Qawbp5Jgrv3DeLalrfMNBFSlmz5kriGGzsVBtGVnf4pTKIhhWA==}
    engines: {node: '>=10'}
    peerDependencies:
      '@types/react': ^16.8.0 || ^17.0.0 || ^18.0.0
      react: ^16.8.0 || ^17.0.0 || ^18.0.0
    peerDependenciesMeta:
      '@types/react':
        optional: true
    dependencies:
      react: 18.2.0
      react-remove-scroll-bar: 2.3.5(react@18.2.0)
      react-style-singleton: 2.2.1(react@18.2.0)
      tslib: 2.6.2
      use-callback-ref: 1.3.1(react@18.2.0)
      use-sidecar: 1.1.2(react@18.2.0)
    dev: false

  /react-remove-scroll@2.5.5(react@18.2.0):
    resolution: {integrity: sha512-ImKhrzJJsyXJfBZ4bzu8Bwpka14c/fQt0k+cyFp/PBhTfyDnU5hjOtM4AG/0AMyy8oKzOTR0lDgJIM7pYXI0kw==}
    engines: {node: '>=10'}
    peerDependencies:
      '@types/react': ^16.8.0 || ^17.0.0 || ^18.0.0
      react: ^16.8.0 || ^17.0.0 || ^18.0.0
    peerDependenciesMeta:
      '@types/react':
        optional: true
    dependencies:
      react: 18.2.0
      react-remove-scroll-bar: 2.3.5(react@18.2.0)
      react-style-singleton: 2.2.1(react@18.2.0)
      tslib: 2.6.2
      use-callback-ref: 1.3.1(react@18.2.0)
      use-sidecar: 1.1.2(react@18.2.0)
    dev: false

  /react-router-dom@6.22.1(react-dom@18.2.0)(react@18.2.0):
    resolution: {integrity: sha512-iwMyyyrbL7zkKY7MRjOVRy+TMnS/OPusaFVxM2P11x9dzSzGmLsebkCvYirGq0DWB9K9hOspHYYtDz33gE5Duw==}
    engines: {node: '>=14.0.0'}
    peerDependencies:
      react: '>=16.8'
      react-dom: '>=16.8'
    dependencies:
      '@remix-run/router': 1.15.1
      react: 18.2.0
      react-dom: 18.2.0(react@18.2.0)
      react-router: 6.22.1(react@18.2.0)
    dev: false

  /react-router@6.22.1(react@18.2.0):
    resolution: {integrity: sha512-0pdoRGwLtemnJqn1K0XHUbnKiX0S4X8CgvVVmHGOWmofESj31msHo/1YiqcJWK7Wxfq2a4uvvtS01KAQyWK/CQ==}
    engines: {node: '>=14.0.0'}
    peerDependencies:
      react: '>=16.8'
    dependencies:
      '@remix-run/router': 1.15.1
      react: 18.2.0
    dev: false

  /react-style-singleton@2.2.1(react@18.2.0):
    resolution: {integrity: sha512-ZWj0fHEMyWkHzKYUr2Bs/4zU6XLmq9HsgBURm7g5pAVfyn49DgUiNgY2d4lXRlYSiCif9YBGpQleewkcqddc7g==}
    engines: {node: '>=10'}
    peerDependencies:
      '@types/react': ^16.8.0 || ^17.0.0 || ^18.0.0
      react: ^16.8.0 || ^17.0.0 || ^18.0.0
    peerDependenciesMeta:
      '@types/react':
        optional: true
    dependencies:
      get-nonce: 1.0.1
      invariant: 2.2.4
      react: 18.2.0
      tslib: 2.6.2
    dev: false

  /react@18.2.0:
    resolution: {integrity: sha512-/3IjMdb2L9QbBdWiW5e3P2/npwMBaU9mHCSCUzNln0ZCYbcfTsGbTJrU/kGemdH2IWmB2ioZ+zkxtmq6g09fGQ==}
    engines: {node: '>=0.10.0'}
    dependencies:
      loose-envify: 1.4.0
    dev: false

  /regenerator-runtime@0.14.1:
    resolution: {integrity: sha512-dYnhHh0nJoMfnkZs6GmmhFknAGRrLznOu5nc9ML+EJxGvrx6H7teuevqVqCuPcPK//3eDrrjQhehXVx9cnkGdw==}
    dev: false

  /remove-accents@0.4.2:
    resolution: {integrity: sha512-7pXIJqJOq5tFgG1A2Zxti3Ht8jJF337m4sowbuHsW30ZnkQFnDzy9qBNhgzX8ZLW4+UBcXiiR7SwR6pokHsxiA==}
    dev: false

  /scheduler@0.23.0:
    resolution: {integrity: sha512-CtuThmgHNg7zIZWAXi3AsyIzA3n4xx7aNyjwC2VJldO2LMVDhFK+63xGqq6CsJH4rTAt6/M+N4GhZiDYPx9eUw==}
    dependencies:
      loose-envify: 1.4.0
    dev: false

  /tslib@2.6.2:
    resolution: {integrity: sha512-AEYxH93jGFPn/a2iVAwW87VuUIkR1FVUKB77NwMF7nBTDkDrrT/Hpt/IrCJ0QXhW27jTBDcf5ZY7w6RiqTMw2Q==}
    dev: false

  /use-callback-ref@1.3.1(react@18.2.0):
    resolution: {integrity: sha512-Lg4Vx1XZQauB42Hw3kK7JM6yjVjgFmFC5/Ab797s79aARomD2nEErc4mCgM8EZrARLmmbWpi5DGCadmK50DcAQ==}
    engines: {node: '>=10'}
    peerDependencies:
      '@types/react': ^16.8.0 || ^17.0.0 || ^18.0.0
      react: ^16.8.0 || ^17.0.0 || ^18.0.0
    peerDependenciesMeta:
      '@types/react':
        optional: true
    dependencies:
      react: 18.2.0
      tslib: 2.6.2
    dev: false

  /use-sidecar@1.1.2(react@18.2.0):
    resolution: {integrity: sha512-epTbsLuzZ7lPClpz2TyryBfztm7m+28DlEv2ZCQ3MDr5ssiwyOwGH/e5F9CkfWjJ1t4clvI58yF822/GUkjjhw==}
    engines: {node: '>=10'}
    peerDependencies:
      '@types/react': ^16.9.0 || ^17.0.0 || ^18.0.0
      react: ^16.8.0 || ^17.0.0 || ^18.0.0
    peerDependenciesMeta:
      '@types/react':
        optional: true
    dependencies:
      detect-node-es: 1.1.0
      react: 18.2.0
      tslib: 2.6.2
    dev: false

  /zod@3.22.4:
    resolution: {integrity: sha512-iC+8Io04lddc+mVqQ9AZ7OQ2MrUKGN+oIQyq1vemgt46jwCwLfhq7/pwnBnNXXXZb8VTVLKwp9EDkx+ryxIWmg==}
    dev: false
